// !$*UTF8*$!
{
	archiveVersion = 1;
	classes = {
	};
	objectVersion = 48;
	objects = {

/* Begin PBXBuildFile section */
		2F8CAFDC20B3B794001DC210 /* AppDelegate.swift in Sources */ = {isa = PBXBuildFile; fileRef = 2F8CAFDB20B3B794001DC210 /* AppDelegate.swift */; };
		2F8CAFDE20B3B794001DC210 /* ViewController.swift in Sources */ = {isa = PBXBuildFile; fileRef = 2F8CAFDD20B3B794001DC210 /* ViewController.swift */; };
		2F8CAFE120B3B794001DC210 /* Main.storyboard in Resources */ = {isa = PBXBuildFile; fileRef = 2F8CAFDF20B3B794001DC210 /* Main.storyboard */; };
		2F8CAFE420B3B794001DC210 /* wla_ashal.xcdatamodeld in Sources */ = {isa = PBXBuildFile; fileRef = 2F8CAFE220B3B794001DC210 /* wla_ashal.xcdatamodeld */; };
		2F8CAFE620B3B794001DC210 /* Assets.xcassets in Resources */ = {isa = PBXBuildFile; fileRef = 2F8CAFE520B3B794001DC210 /* Assets.xcassets */; };
		2F8CAFE920B3B794001DC210 /* LaunchScreen.storyboard in Resources */ = {isa = PBXBuildFile; fileRef = 2F8CAFE720B3B794001DC210 /* LaunchScreen.storyboard */; };
		2F8CAFF420B3B794001DC210 /* wla_ashalTests.swift in Sources */ = {isa = PBXBuildFile; fileRef = 2F8CAFF320B3B794001DC210 /* wla_ashalTests.swift */; };
		2F8CAFFF20B3B794001DC210 /* wla_ashalUITests.swift in Sources */ = {isa = PBXBuildFile; fileRef = 2F8CAFFE20B3B794001DC210 /* wla_ashalUITests.swift */; };
/* End PBXBuildFile section */

/* Begin PBXContainerItemProxy section */
		2F8CAFF020B3B794001DC210 /* PBXContainerItemProxy */ = {
			isa = PBXContainerItemProxy;
			containerPortal = 2F8CAFD020B3B794001DC210 /* Project object */;
			proxyType = 1;
			remoteGlobalIDString = 2F8CAFD720B3B794001DC210;
			remoteInfo = "wla ashal";
		};
		2F8CAFFB20B3B794001DC210 /* PBXContainerItemProxy */ = {
			isa = PBXContainerItemProxy;
			containerPortal = 2F8CAFD020B3B794001DC210 /* Project object */;
			proxyType = 1;
			remoteGlobalIDString = 2F8CAFD720B3B794001DC210;
			remoteInfo = "wla ashal";
		};
/* End PBXContainerItemProxy section */

/* Begin PBXFileReference section */
		2F8CAFD820B3B794001DC210 /* wla ashal.app */ = {isa = PBXFileReference; explicitFileType = wrapper.application; includeInIndex = 0; path = "wla ashal.app"; sourceTree = BUILT_PRODUCTS_DIR; };
		2F8CAFDB20B3B794001DC210 /* AppDelegate.swift */ = {isa = PBXFileReference; lastKnownFileType = sourcecode.swift; path = AppDelegate.swift; sourceTree = "<group>"; };
		2F8CAFDD20B3B794001DC210 /* ViewController.swift */ = {isa = PBXFileReference; lastKnownFileType = sourcecode.swift; path = ViewController.swift; sourceTree = "<group>"; };
		2F8CAFE020B3B794001DC210 /* Base */ = {isa = PBXFileReference; lastKnownFileType = file.storyboard; name = Base; path = Base.lproj/Main.storyboard; sourceTree = "<group>"; };
		2F8CAFE320B3B794001DC210 /* wla_ashal.xcdatamodel */ = {isa = PBXFileReference; lastKnownFileType = wrapper.xcdatamodel; path = wla_ashal.xcdatamodel; sourceTree = "<group>"; };
		2F8CAFE520B3B794001DC210 /* Assets.xcassets */ = {isa = PBXFileReference; lastKnownFileType = folder.assetcatalog; path = Assets.xcassets; sourceTree = "<group>"; };
		2F8CAFE820B3B794001DC210 /* Base */ = {isa = PBXFileReference; lastKnownFileType = file.storyboard; name = Base; path = Base.lproj/LaunchScreen.storyboard; sourceTree = "<group>"; };
		2F8CAFEA20B3B794001DC210 /* Info.plist */ = {isa = PBXFileReference; lastKnownFileType = text.plist.xml; path = Info.plist; sourceTree = "<group>"; };
		2F8CAFEF20B3B794001DC210 /* wla ashalTests.xctest */ = {isa = PBXFileReference; explicitFileType = wrapper.cfbundle; includeInIndex = 0; path = "wla ashalTests.xctest"; sourceTree = BUILT_PRODUCTS_DIR; };
		2F8CAFF320B3B794001DC210 /* wla_ashalTests.swift */ = {isa = PBXFileReference; lastKnownFileType = sourcecode.swift; path = wla_ashalTests.swift; sourceTree = "<group>"; };
		2F8CAFF520B3B794001DC210 /* Info.plist */ = {isa = PBXFileReference; lastKnownFileType = text.plist.xml; path = Info.plist; sourceTree = "<group>"; };
		2F8CAFFA20B3B794001DC210 /* wla ashalUITests.xctest */ = {isa = PBXFileReference; explicitFileType = wrapper.cfbundle; includeInIndex = 0; path = "wla ashalUITests.xctest"; sourceTree = BUILT_PRODUCTS_DIR; };
		2F8CAFFE20B3B794001DC210 /* wla_ashalUITests.swift */ = {isa = PBXFileReference; lastKnownFileType = sourcecode.swift; path = wla_ashalUITests.swift; sourceTree = "<group>"; };
		2F8CB00020B3B794001DC210 /* Info.plist */ = {isa = PBXFileReference; lastKnownFileType = text.plist.xml; path = Info.plist; sourceTree = "<group>"; };
/* End PBXFileReference section */

/* Begin PBXFrameworksBuildPhase section */
		2F8CAFD520B3B794001DC210 /* Frameworks */ = {
			isa = PBXFrameworksBuildPhase;
			buildActionMask = 2147483647;
			files = (
			);
			runOnlyForDeploymentPostprocessing = 0;
		};
		2F8CAFEC20B3B794001DC210 /* Frameworks */ = {
			isa = PBXFrameworksBuildPhase;
			buildActionMask = 2147483647;
			files = (
			);
			runOnlyForDeploymentPostprocessing = 0;
		};
		2F8CAFF720B3B794001DC210 /* Frameworks */ = {
			isa = PBXFrameworksBuildPhase;
			buildActionMask = 2147483647;
			files = (
			);
			runOnlyForDeploymentPostprocessing = 0;
		};
/* End PBXFrameworksBuildPhase section */

/* Begin PBXGroup section */
		2F8CAFCF20B3B794001DC210 = {
			isa = PBXGroup;
			children = (
				2F8CAFDA20B3B794001DC210 /* wla ashal */,
				2F8CAFF220B3B794001DC210 /* wla ashalTests */,
				2F8CAFFD20B3B794001DC210 /* wla ashalUITests */,
				2F8CAFD920B3B794001DC210 /* Products */,
			);
			sourceTree = "<group>";
		};
		2F8CAFD920B3B794001DC210 /* Products */ = {
			isa = PBXGroup;
			children = (
				2F8CAFD820B3B794001DC210 /* wla ashal.app */,
				2F8CAFEF20B3B794001DC210 /* wla ashalTests.xctest */,
				2F8CAFFA20B3B794001DC210 /* wla ashalUITests.xctest */,
			);
			name = Products;
			sourceTree = "<group>";
		};
		2F8CAFDA20B3B794001DC210 /* wla ashal */ = {
			isa = PBXGroup;
			children = (
				2F8CAFDB20B3B794001DC210 /* AppDelegate.swift */,
				2F8CAFDD20B3B794001DC210 /* ViewController.swift */,
				2F8CAFDF20B3B794001DC210 /* Main.storyboard */,
				2F8CAFE520B3B794001DC210 /* Assets.xcassets */,
				2F8CAFE720B3B794001DC210 /* LaunchScreen.storyboard */,
				2F8CAFEA20B3B794001DC210 /* Info.plist */,
				2F8CAFE220B3B794001DC210 /* wla_ashal.xcdatamodeld */,
			);
			path = "wla ashal";
			sourceTree = "<group>";
		};
		2F8CAFF220B3B794001DC210 /* wla ashalTests */ = {
			isa = PBXGroup;
			children = (
				2F8CAFF320B3B794001DC210 /* wla_ashalTests.swift */,
				2F8CAFF520B3B794001DC210 /* Info.plist */,
			);
			path = "wla ashalTests";
			sourceTree = "<group>";
		};
		2F8CAFFD20B3B794001DC210 /* wla ashalUITests */ = {
			isa = PBXGroup;
			children = (
				2F8CAFFE20B3B794001DC210 /* wla_ashalUITests.swift */,
				2F8CB00020B3B794001DC210 /* Info.plist */,
			);
			path = "wla ashalUITests";
			sourceTree = "<group>";
		};
/* End PBXGroup section */

/* Begin PBXNativeTarget section */
		2F8CAFD720B3B794001DC210 /* wla ashal */ = {
			isa = PBXNativeTarget;
			buildConfigurationList = 2F8CB00320B3B794001DC210 /* Build configuration list for PBXNativeTarget "wla ashal" */;
			buildPhases = (
				2F8CAFD420B3B794001DC210 /* Sources */,
				2F8CAFD520B3B794001DC210 /* Frameworks */,
				2F8CAFD620B3B794001DC210 /* Resources */,
			);
			buildRules = (
			);
			dependencies = (
			);
			name = "wla ashal";
			productName = "wla ashal";
			productReference = 2F8CAFD820B3B794001DC210 /* wla ashal.app */;
			productType = "com.apple.product-type.application";
		};
		2F8CAFEE20B3B794001DC210 /* wla ashalTests */ = {
			isa = PBXNativeTarget;
			buildConfigurationList = 2F8CB00620B3B794001DC210 /* Build configuration list for PBXNativeTarget "wla ashalTests" */;
			buildPhases = (
				2F8CAFEB20B3B794001DC210 /* Sources */,
				2F8CAFEC20B3B794001DC210 /* Frameworks */,
				2F8CAFED20B3B794001DC210 /* Resources */,
			);
			buildRules = (
			);
			dependencies = (
				2F8CAFF120B3B794001DC210 /* PBXTargetDependency */,
			);
			name = "wla ashalTests";
			productName = "wla ashalTests";
			productReference = 2F8CAFEF20B3B794001DC210 /* wla ashalTests.xctest */;
			productType = "com.apple.product-type.bundle.unit-test";
		};
		2F8CAFF920B3B794001DC210 /* wla ashalUITests */ = {
			isa = PBXNativeTarget;
			buildConfigurationList = 2F8CB00920B3B794001DC210 /* Build configuration list for PBXNativeTarget "wla ashalUITests" */;
			buildPhases = (
				2F8CAFF620B3B794001DC210 /* Sources */,
				2F8CAFF720B3B794001DC210 /* Frameworks */,
				2F8CAFF820B3B794001DC210 /* Resources */,
			);
			buildRules = (
			);
			dependencies = (
				2F8CAFFC20B3B794001DC210 /* PBXTargetDependency */,
			);
			name = "wla ashalUITests";
			productName = "wla ashalUITests";
			productReference = 2F8CAFFA20B3B794001DC210 /* wla ashalUITests.xctest */;
			productType = "com.apple.product-type.bundle.ui-testing";
		};
/* End PBXNativeTarget section */

/* Begin PBXProject section */
		2F8CAFD020B3B794001DC210 /* Project object */ = {
			isa = PBXProject;
			attributes = {
				LastSwiftUpdateCheck = 0920;
				LastUpgradeCheck = 0920;
				ORGANIZATIONNAME = "amr sobhy";
				TargetAttributes = {
					2F8CAFD720B3B794001DC210 = {
						CreatedOnToolsVersion = 9.2;
						ProvisioningStyle = Automatic;
					};
					2F8CAFEE20B3B794001DC210 = {
						CreatedOnToolsVersion = 9.2;
						ProvisioningStyle = Automatic;
						TestTargetID = 2F8CAFD720B3B794001DC210;
					};
					2F8CAFF920B3B794001DC210 = {
						CreatedOnToolsVersion = 9.2;
						ProvisioningStyle = Automatic;
						TestTargetID = 2F8CAFD720B3B794001DC210;
					};
				};
			};
			buildConfigurationList = 2F8CAFD320B3B794001DC210 /* Build configuration list for PBXProject "wla ashal" */;
			compatibilityVersion = "Xcode 8.0";
			developmentRegion = en;
			hasScannedForEncodings = 0;
			knownRegions = (
				en,
				Base,
			);
			mainGroup = 2F8CAFCF20B3B794001DC210;
			productRefGroup = 2F8CAFD920B3B794001DC210 /* Products */;
			projectDirPath = "";
			projectRoot = "";
			targets = (
				2F8CAFD720B3B794001DC210 /* wla ashal */,
				2F8CAFEE20B3B794001DC210 /* wla ashalTests */,
				2F8CAFF920B3B794001DC210 /* wla ashalUITests */,
			);
		};
/* End PBXProject section */

/* Begin PBXResourcesBuildPhase section */
		2F8CAFD620B3B794001DC210 /* Resources */ = {
			isa = PBXResourcesBuildPhase;
			buildActionMask = 2147483647;
			files = (
				2F8CAFE920B3B794001DC210 /* LaunchScreen.storyboard in Resources */,
				2F8CAFE620B3B794001DC210 /* Assets.xcassets in Resources */,
				2F8CAFE120B3B794001DC210 /* Main.storyboard in Resources */,
			);
			runOnlyForDeploymentPostprocessing = 0;
		};
		2F8CAFED20B3B794001DC210 /* Resources */ = {
			isa = PBXResourcesBuildPhase;
			buildActionMask = 2147483647;
			files = (
			);
			runOnlyForDeploymentPostprocessing = 0;
		};
		2F8CAFF820B3B794001DC210 /* Resources */ = {
			isa = PBXResourcesBuildPhase;
			buildActionMask = 2147483647;
			files = (
			);
			runOnlyForDeploymentPostprocessing = 0;
		};
/* End PBXResourcesBuildPhase section */

/* Begin PBXSourcesBuildPhase section */
		2F8CAFD420B3B794001DC210 /* Sources */ = {
			isa = PBXSourcesBuildPhase;
			buildActionMask = 2147483647;
			files = (
				2F8CAFDE20B3B794001DC210 /* ViewController.swift in Sources */,
				2F8CAFE420B3B794001DC210 /* wla_ashal.xcdatamodeld in Sources */,
				2F8CAFDC20B3B794001DC210 /* AppDelegate.swift in Sources */,
			);
			runOnlyForDeploymentPostprocessing = 0;
		};
		2F8CAFEB20B3B794001DC210 /* Sources */ = {
			isa = PBXSourcesBuildPhase;
			buildActionMask = 2147483647;
			files = (
				2F8CAFF420B3B794001DC210 /* wla_ashalTests.swift in Sources */,
			);
			runOnlyForDeploymentPostprocessing = 0;
		};
		2F8CAFF620B3B794001DC210 /* Sources */ = {
			isa = PBXSourcesBuildPhase;
			buildActionMask = 2147483647;
			files = (
				2F8CAFFF20B3B794001DC210 /* wla_ashalUITests.swift in Sources */,
			);
			runOnlyForDeploymentPostprocessing = 0;
		};
/* End PBXSourcesBuildPhase section */

/* Begin PBXTargetDependency section */
		2F8CAFF120B3B794001DC210 /* PBXTargetDependency */ = {
			isa = PBXTargetDependency;
			target = 2F8CAFD720B3B794001DC210 /* wla ashal */;
			targetProxy = 2F8CAFF020B3B794001DC210 /* PBXContainerItemProxy */;
		};
		2F8CAFFC20B3B794001DC210 /* PBXTargetDependency */ = {
			isa = PBXTargetDependency;
			target = 2F8CAFD720B3B794001DC210 /* wla ashal */;
			targetProxy = 2F8CAFFB20B3B794001DC210 /* PBXContainerItemProxy */;
		};
/* End PBXTargetDependency section */

/* Begin PBXVariantGroup section */
		2F8CAFDF20B3B794001DC210 /* Main.storyboard */ = {
			isa = PBXVariantGroup;
			children = (
				2F8CAFE020B3B794001DC210 /* Base */,
			);
			name = Main.storyboard;
			sourceTree = "<group>";
		};
		2F8CAFE720B3B794001DC210 /* LaunchScreen.storyboard */ = {
			isa = PBXVariantGroup;
			children = (
				2F8CAFE820B3B794001DC210 /* Base */,
			);
			name = LaunchScreen.storyboard;
			sourceTree = "<group>";
		};
/* End PBXVariantGroup section */

/* Begin XCBuildConfiguration section */
		2F8CB00120B3B794001DC210 /* Debug */ = {
			isa = XCBuildConfiguration;
			buildSettings = {
				ALWAYS_SEARCH_USER_PATHS = NO;
				CLANG_ANALYZER_NONNULL = YES;
				CLANG_ANALYZER_NUMBER_OBJECT_CONVERSION = YES_AGGRESSIVE;
				CLANG_CXX_LANGUAGE_STANDARD = "gnu++14";
				CLANG_CXX_LIBRARY = "libc++";
				CLANG_ENABLE_MODULES = YES;
				CLANG_ENABLE_OBJC_ARC = YES;
				CLANG_WARN_BLOCK_CAPTURE_AUTORELEASING = YES;
				CLANG_WARN_BOOL_CONVERSION = YES;
				CLANG_WARN_COMMA = YES;
				CLANG_WARN_CONSTANT_CONVERSION = YES;
				CLANG_WARN_DIRECT_OBJC_ISA_USAGE = YES_ERROR;
				CLANG_WARN_DOCUMENTATION_COMMENTS = YES;
				CLANG_WARN_EMPTY_BODY = YES;
				CLANG_WARN_ENUM_CONVERSION = YES;
				CLANG_WARN_INFINITE_RECURSION = YES;
				CLANG_WARN_INT_CONVERSION = YES;
				CLANG_WARN_NON_LITERAL_NULL_CONVERSION = YES;
				CLANG_WARN_OBJC_LITERAL_CONVERSION = YES;
				CLANG_WARN_OBJC_ROOT_CLASS = YES_ERROR;
				CLANG_WARN_RANGE_LOOP_ANALYSIS = YES;
				CLANG_WARN_STRICT_PROTOTYPES = YES;
				CLANG_WARN_SUSPICIOUS_MOVE = YES;
				CLANG_WARN_UNGUARDED_AVAILABILITY = YES_AGGRESSIVE;
				CLANG_WARN_UNREACHABLE_CODE = YES;
				CLANG_WARN__DUPLICATE_METHOD_MATCH = YES;
				CODE_SIGN_IDENTITY = "iPhone Developer";
				COPY_PHASE_STRIP = NO;
				DEBUG_INFORMATION_FORMAT = dwarf;
				ENABLE_STRICT_OBJC_MSGSEND = YES;
				ENABLE_TESTABILITY = YES;
				GCC_C_LANGUAGE_STANDARD = gnu11;
				GCC_DYNAMIC_NO_PIC = NO;
				GCC_NO_COMMON_BLOCKS = YES;
				GCC_OPTIMIZATION_LEVEL = 0;
				GCC_PREPROCESSOR_DEFINITIONS = (
					"DEBUG=1",
					"$(inherited)",
				);
				GCC_WARN_64_TO_32_BIT_CONVERSION = YES;
				GCC_WARN_ABOUT_RETURN_TYPE = YES_ERROR;
				GCC_WARN_UNDECLARED_SELECTOR = YES;
				GCC_WARN_UNINITIALIZED_AUTOS = YES_AGGRESSIVE;
				GCC_WARN_UNUSED_FUNCTION = YES;
				GCC_WARN_UNUSED_VARIABLE = YES;
				IPHONEOS_DEPLOYMENT_TARGET = 11.2;
				MTL_ENABLE_DEBUG_INFO = YES;
				ONLY_ACTIVE_ARCH = YES;
				SDKROOT = iphoneos;
				SWIFT_ACTIVE_COMPILATION_CONDITIONS = DEBUG;
				SWIFT_OPTIMIZATION_LEVEL = "-Onone";
			};
			name = Debug;
		};
		2F8CB00220B3B794001DC210 /* Release */ = {
			isa = XCBuildConfiguration;
			buildSettings = {
				ALWAYS_SEARCH_USER_PATHS = NO;
				CLANG_ANALYZER_NONNULL = YES;
				CLANG_ANALYZER_NUMBER_OBJECT_CONVERSION = YES_AGGRESSIVE;
				CLANG_CXX_LANGUAGE_STANDARD = "gnu++14";
				CLANG_CXX_LIBRARY = "libc++";
				CLANG_ENABLE_MODULES = YES;
				CLANG_ENABLE_OBJC_ARC = YES;
				CLANG_WARN_BLOCK_CAPTURE_AUTORELEASING = YES;
				CLANG_WARN_BOOL_CONVERSION = YES;
				CLANG_WARN_COMMA = YES;
				CLANG_WARN_CONSTANT_CONVERSION = YES;
				CLANG_WARN_DIRECT_OBJC_ISA_USAGE = YES_ERROR;
				CLANG_WARN_DOCUMENTATION_COMMENTS = YES;
				CLANG_WARN_EMPTY_BODY = YES;
				CLANG_WARN_ENUM_CONVERSION = YES;
				CLANG_WARN_INFINITE_RECURSION = YES;
				CLANG_WARN_INT_CONVERSION = YES;
				CLANG_WARN_NON_LITERAL_NULL_CONVERSION = YES;
				CLANG_WARN_OBJC_LITERAL_CONVERSION = YES;
				CLANG_WARN_OBJC_ROOT_CLASS = YES_ERROR;
				CLANG_WARN_RANGE_LOOP_ANALYSIS = YES;
				CLANG_WARN_STRICT_PROTOTYPES = YES;
				CLANG_WARN_SUSPICIOUS_MOVE = YES;
				CLANG_WARN_UNGUARDED_AVAILABILITY = YES_AGGRESSIVE;
				CLANG_WARN_UNREACHABLE_CODE = YES;
				CLANG_WARN__DUPLICATE_METHOD_MATCH = YES;
				CODE_SIGN_IDENTITY = "iPhone Developer";
				COPY_PHASE_STRIP = NO;
				DEBUG_INFORMATION_FORMAT = "dwarf-with-dsym";
				ENABLE_NS_ASSERTIONS = NO;
				ENABLE_STRICT_OBJC_MSGSEND = YES;
				GCC_C_LANGUAGE_STANDARD = gnu11;
				GCC_NO_COMMON_BLOCKS = YES;
				GCC_WARN_64_TO_32_BIT_CONVERSION = YES;
				GCC_WARN_ABOUT_RETURN_TYPE = YES_ERROR;
				GCC_WARN_UNDECLARED_SELECTOR = YES;
				GCC_WARN_UNINITIALIZED_AUTOS = YES_AGGRESSIVE;
				GCC_WARN_UNUSED_FUNCTION = YES;
				GCC_WARN_UNUSED_VARIABLE = YES;
				IPHONEOS_DEPLOYMENT_TARGET = 11.2;
				MTL_ENABLE_DEBUG_INFO = NO;
				SDKROOT = iphoneos;
				SWIFT_OPTIMIZATION_LEVEL = "-Owholemodule";
				VALIDATE_PRODUCT = YES;
			};
			name = Release;
		};
		2F8CB00420B3B794001DC210 /* Debug */ = {
			isa = XCBuildConfiguration;
			buildSettings = {
				ASSETCATALOG_COMPILER_APPICON_NAME = AppIcon;
				CODE_SIGN_STYLE = Automatic;
				DEVELOPMENT_TEAM = S32NA7S358;
				INFOPLIST_FILE = "wla ashal/Info.plist";
				LD_RUNPATH_SEARCH_PATHS = "$(inherited) @executable_path/Frameworks";
				PRODUCT_BUNDLE_IDENTIFIER = "wlaashal.com.wla-ashal";
				PRODUCT_NAME = "$(TARGET_NAME)";
				SWIFT_VERSION = 4.0;
				TARGETED_DEVICE_FAMILY = "1,2";
			};
			name = Debug;
		};
		2F8CB00520B3B794001DC210 /* Release */ = {
			isa = XCBuildConfiguration;
			buildSettings = {
				ASSETCATALOG_COMPILER_APPICON_NAME = AppIcon;
				CODE_SIGN_STYLE = Automatic;
				DEVELOPMENT_TEAM = S32NA7S358;
				INFOPLIST_FILE = "wla ashal/Info.plist";
				LD_RUNPATH_SEARCH_PATHS = "$(inherited) @executable_path/Frameworks";
				PRODUCT_BUNDLE_IDENTIFIER = "wlaashal.com.wla-ashal";
				PRODUCT_NAME = "$(TARGET_NAME)";
				SWIFT_VERSION = 4.0;
				TARGETED_DEVICE_FAMILY = "1,2";
			};
			name = Release;
		};
		2F8CB00720B3B794001DC210 /* Debug */ = {
			isa = XCBuildConfiguration;
			buildSettings = {
				ALWAYS_EMBED_SWIFT_STANDARD_LIBRARIES = YES;
				BUNDLE_LOADER = "$(TEST_HOST)";
				CODE_SIGN_STYLE = Automatic;
				DEVELOPMENT_TEAM = S32NA7S358;
				INFOPLIST_FILE = "wla ashalTests/Info.plist";
				LD_RUNPATH_SEARCH_PATHS = "$(inherited) @executable_path/Frameworks @loader_path/Frameworks";
				PRODUCT_BUNDLE_IDENTIFIER = "wlaashal.com.wla-ashalTests";
				PRODUCT_NAME = "$(TARGET_NAME)";
				SWIFT_VERSION = 4.0;
				TARGETED_DEVICE_FAMILY = "1,2";
				TEST_HOST = "$(BUILT_PRODUCTS_DIR)/wla ashal.app/wla ashal";
			};
			name = Debug;
		};
		2F8CB00820B3B794001DC210 /* Release */ = {
			isa = XCBuildConfiguration;
			buildSettings = {
				ALWAYS_EMBED_SWIFT_STANDARD_LIBRARIES = YES;
				BUNDLE_LOADER = "$(TEST_HOST)";
				CODE_SIGN_STYLE = Automatic;
				DEVELOPMENT_TEAM = S32NA7S358;
				INFOPLIST_FILE = "wla ashalTests/Info.plist";
				LD_RUNPATH_SEARCH_PATHS = "$(inherited) @executable_path/Frameworks @loader_path/Frameworks";
				PRODUCT_BUNDLE_IDENTIFIER = "wlaashal.com.wla-ashalTests";
				PRODUCT_NAME = "$(TARGET_NAME)";
				SWIFT_VERSION = 4.0;
				TARGETED_DEVICE_FAMILY = "1,2";
				TEST_HOST = "$(BUILT_PRODUCTS_DIR)/wla ashal.app/wla ashal";
			};
			name = Release;
		};
		2F8CB00A20B3B794001DC210 /* Debug */ = {
			isa = XCBuildConfiguration;
			buildSettings = {
				ALWAYS_EMBED_SWIFT_STANDARD_LIBRARIES = YES;
				CODE_SIGN_STYLE = Automatic;
				DEVELOPMENT_TEAM = S32NA7S358;
				INFOPLIST_FILE = "wla ashalUITests/Info.plist";
				LD_RUNPATH_SEARCH_PATHS = "$(inherited) @executable_path/Frameworks @loader_path/Frameworks";
				PRODUCT_BUNDLE_IDENTIFIER = "wlaashal.com.wla-ashalUITests";
				PRODUCT_NAME = "$(TARGET_NAME)";
				SWIFT_VERSION = 4.0;
				TARGETED_DEVICE_FAMILY = "1,2";
				TEST_TARGET_NAME = "wla ashal";
			};
			name = Debug;
		};
		2F8CB00B20B3B794001DC210 /* Release */ = {
			isa = XCBuildConfiguration;
			buildSettings = {
				ALWAYS_EMBED_SWIFT_STANDARD_LIBRARIES = YES;
				CODE_SIGN_STYLE = Automatic;
				DEVELOPMENT_TEAM = S32NA7S358;
				INFOPLIST_FILE = "wla ashalUITests/Info.plist";
				LD_RUNPATH_SEARCH_PATHS = "$(inherited) @executable_path/Frameworks @loader_path/Frameworks";
				PRODUCT_BUNDLE_IDENTIFIER = "wlaashal.com.wla-ashalUITests";
				PRODUCT_NAME = "$(TARGET_NAME)";
				SWIFT_VERSION = 4.0;
				TARGETED_DEVICE_FAMILY = "1,2";
				TEST_TARGET_NAME = "wla ashal";
			};
			name = Release;
		};
/* End XCBuildConfiguration section */

/* Begin XCConfigurationList section */
		2F8CAFD320B3B794001DC210 /* Build configuration list for PBXProject "wla ashal" */ = {
			isa = XCConfigurationList;
			buildConfigurations = (
				2F8CB00120B3B794001DC210 /* Debug */,
				2F8CB00220B3B794001DC210 /* Release */,
			);
			defaultConfigurationIsVisible = 0;
			defaultConfigurationName = Release;
		};
		2F8CB00320B3B794001DC210 /* Build configuration list for PBXNativeTarget "wla ashal" */ = {
			isa = XCConfigurationList;
			buildConfigurations = (
				2F8CB00420B3B794001DC210 /* Debug */,
				2F8CB00520B3B794001DC210 /* Release */,
			);
			defaultConfigurationIsVisible = 0;
			defaultConfigurationName = Release;
		};
		2F8CB00620B3B794001DC210 /* Build configuration list for PBXNativeTarget "wla ashalTests" */ = {
			isa = XCConfigurationList;
			buildConfigurations = (
				2F8CB00720B3B794001DC210 /* Debug */,
				2F8CB00820B3B794001DC210 /* Release */,
			);
			defaultConfigurationIsVisible = 0;
			defaultConfigurationName = Release;
		};
		2F8CB00920B3B794001DC210 /* Build configuration list for PBXNativeTarget "wla ashalUITests" */ = {
			isa = XCConfigurationList;
			buildConfigurations = (
				2F8CB00A20B3B794001DC210 /* Debug */,
				2F8CB00B20B3B794001DC210 /* Release */,
			);
			defaultConfigurationIsVisible = 0;
			defaultConfigurationName = Release;
		};
/* End XCConfigurationList section */

/* Begin XCVersionGroup section */
		2F8CAFE220B3B794001DC210 /* wla_ashal.xcdatamodeld */ = {
			isa = XCVersionGroup;
			children = (
				2F8CAFE320B3B794001DC210 /* wla_ashal.xcdatamodel */,
			);
			currentVersion = 2F8CAFE320B3B794001DC210 /* wla_ashal.xcdatamodel */;
			path = wla_ashal.xcdatamodeld;
			sourceTree = "<group>";
			versionGroupType = wrapper.xcdatamodel;
		};
/* End XCVersionGroup section */
	};
	rootObject = 2F8CAFD020B3B794001DC210 /* Project object */;
}
